
Microsoft Visual Studio Solution File, Format Version 12.00
# Visual Studio 15
VisualStudioVersion = 15.0.28307.757
MinimumVisualStudioVersion = 10.0.40219.1
Project("{FAE04EC0-301F-11D3-BF4B-00C04F79EFBC}") = "Publish", "src\Publish\Publish.csproj", "{0AFDADE1-5C6B-4593-961D-DBBD22D88C81}"
EndProject
Project("{FAE04EC0-301F-11D3-BF4B-00C04F79EFBC}") = "Subscriber", "src\Subscriber\Subscriber.csproj", "{97DEC164-0C3A-46D8-AA2E-CCEA717AD3A3}"
EndProject
Project("{FAE04EC0-301F-11D3-BF4B-00C04F79EFBC}") = "Shared", "src\Shared\Shared.csproj", "{E22D7E3F-D1AA-435D-BCFC-F0F8229ABFA4}"
EndProject
Global
	GlobalSection(SolutionConfigurationPlatforms) = preSolution
		Debug|Any CPU = Debug|Any CPU
		Release|Any CPU = Release|Any CPU
	EndGlobalSection
	GlobalSection(ProjectConfigurationPlatforms) = postSolution
		{0AFDADE1-5C6B-4593-961D-DBBD22D88C81}.Debug|Any CPU.ActiveCfg = Debug|Any CPU
		{0AFDADE1-5C6B-4593-961D-DBBD22D88C81}.Debug|Any CPU.Build.0 = Debug|Any CPU
		{0AFDADE1-5C6B-4593-961D-DBBD22D88C81}.Release|Any CPU.ActiveCfg = Release|Any CPU
		{0AFDADE1-5C6B-4593-961D-DBBD22D88C81}.Release|Any CPU.Build.0 = Release|Any CPU
		{97DEC164-0C3A-46D8-AA2E-CCEA717AD3A3}.Debug|Any CPU.ActiveCfg = Debug|Any CPU
		{97DEC164-0C3A-46D8-AA2E-CCEA717AD3A3}.Debug|Any CPU.Build.0 = Debug|Any CPU
		{97DEC164-0C3A-46D8-AA2E-CCEA717AD3A3}.Release|Any CPU.ActiveCfg = Release|Any CPU
		{97DEC164-0C3A-46D8-AA2E-CCEA717AD3A3}.Release|Any CPU.Build.0 = Release|Any CPU
		{E22D7E3F-D1AA-435D-BCFC-F0F8229ABFA4}.Debug|Any CPU.ActiveCfg = Debug|Any CPU
		{E22D7E3F-D1AA-435D-BCFC-F0F8229ABFA4}.Debug|Any CPU.Build.0 = Debug|Any CPU
		{E22D7E3F-D1AA-435D-BCFC-F0F8229ABFA4}.Release|Any CPU.ActiveCfg = Release|Any CPU
		{E22D7E3F-D1AA-435D-BCFC-F0F8229ABFA4}.Release|Any CPU.Build.0 = Release|Any CPU
	EndGlobalSection
	GlobalSection(SolutionProperties) = preSolution
		HideSolutionNode = FALSE
	EndGlobalSection
	GlobalSection(ExtensibilityGlobals) = postSolution
		SolutionGuid = {155AD881-2933-4C57-8AF1-7BF752BEDEE4}
	EndGlobalSection
EndGlobal
